
Microsoft Visual Studio Solution File, Format Version 12.00
# Visual Studio 15
VisualStudioVersion = 15.0.26730.3
MinimumVisualStudioVersion = 10.0.40219.1
Project("{2150E333-8FDC-42A3-9474-1A3956D46DE8}") = "Common", "Common", "{73E2E1C1-68CD-450F-B0C7-76D4AC7A30B2}"
EndProject
Project("{2150E333-8FDC-42A3-9474-1A3956D46DE8}") = "OPComunity.Web.Test", "OPComunity.Web.Test", "{F7E1196F-D895-44DB-B7FE-61B494F8713C}"
EndProject
Project("{FAE04EC0-301F-11D3-BF4B-00C04F79EFBC}") = "DI", "DI\DI.csproj", "{1AC31667-8C2B-4D2E-95A0-253CF8BE8B84}"
EndProject
Project("{FAE04EC0-301F-11D3-BF4B-00C04F79EFBC}") = "LogUtility", "LogUtility\LogUtility.csproj", "{DCA0B549-5D9E-464D-B00D-83C957DA91D5}"
EndProject
Project("{FAE04EC0-301F-11D3-BF4B-00C04F79EFBC}") = "WebSite", "WebSite\WebSite.csproj", "{D217C1C6-47F5-4B66-BA5F-55085F2656C5}"
EndProject
Project("{FAE04EC0-301F-11D3-BF4B-00C04F79EFBC}") = "Utility", "Utility\Utility.csproj", "{46211120-943D-4D1A-BDD3-6601B180ADD4}"
EndProject
Project("{FAE04EC0-301F-11D3-BF4B-00C04F79EFBC}") = "Passport", "Passport\Passport.csproj", "{CB6FA6AD-18AC-4B9E-88F8-70146476864B}"
EndProject
Project("{FAE04EC0-301F-11D3-BF4B-00C04F79EFBC}") = "Passport.Models", "Passport.Models\Passport.Models.csproj", "{7E1EF714-0247-46E6-AF1E-2C417C216EB7}"
EndProject
Project("{FAE04EC0-301F-11D3-BF4B-00C04F79EFBC}") = "WebSite.Test", "WebSite.Test\WebSite.Test.csproj", "{6231C52F-88CA-4CE4-A913-2C13A3341263}"
EndProject
Project("{FAE04EC0-301F-11D3-BF4B-00C04F79EFBC}") = "Infrastructure", "Infrastructure\Infrastructure.csproj", "{CB28AEA4-F22C-44A5-B09A-AC10F3A651AE}"
EndProject
Project("{FAE04EC0-301F-11D3-BF4B-00C04F79EFBC}") = "Opcomunity.Services", "Opcomunity.Services\Opcomunity.Services.csproj", "{7A355AC2-DEA1-4236-A9ED-DADFA42656B3}"
EndProject
Project("{FAE04EC0-301F-11D3-BF4B-00C04F79EFBC}") = "Opcomunity.Data", "Opcomunity.Data\Opcomunity.Data.csproj", "{656324A9-5234-4B23-9A57-6AF97208D737}"
EndProject
Project("{FAE04EC0-301F-11D3-BF4B-00C04F79EFBC}") = "Passport.Services", "Passport.Services\Passport.Services.csproj", "{F4A2084A-A343-42C7-BD1A-A7D0CAEAADDD}"
EndProject
Project("{2150E333-8FDC-42A3-9474-1A3956D46DE8}") = "OPComunity.Passport", "OPComunity.Passport", "{06A25A30-75EB-4469-A501-514F26BFDBA3}"
EndProject
Project("{2150E333-8FDC-42A3-9474-1A3956D46DE8}") = "OPComunity.WebSite", "OPComunity.WebSite", "{1A61AC48-CAC8-4C2C-8E76-9B22CD926E39}"
EndProject
Project("{2150E333-8FDC-42A3-9474-1A3956D46DE8}") = "OPComunity.Order", "OPComunity.Order", "{84360931-261E-43F8-A90D-B51744D47ED1}"
EndProject
Project("{FAE04EC0-301F-11D3-BF4B-00C04F79EFBC}") = "Order", "Order\Order.csproj", "{B8E961C2-0934-4420-8AD9-E41C7EED5391}"
EndProject
Project("{2150E333-8FDC-42A3-9474-1A3956D46DE8}") = "Sdk", "Sdk", "{57884704-2F81-4BC8-A7F0-C2C32033B402}"
EndProject
Project("{FAE04EC0-301F-11D3-BF4B-00C04F79EFBC}") = "AopSdk", "AopSdk\AopSdk.csproj", "{9C11CAE5-5188-4E71-825B-68FC3135728A}"
EndProject
Project("{2150E333-8FDC-42A3-9474-1A3956D46DE8}") = "Opcomunity.Robot", "Opcomunity.Robot", "{AE83A04A-F0C8-4E57-A426-81843BDF3F10}"
EndProject
Project("{FAE04EC0-301F-11D3-BF4B-00C04F79EFBC}") = "Opcomunity.Robot", "Opcomunity.Robot\Opcomunity.Robot.csproj", "{FB25BDC8-C246-4047-AD2D-CB89B5C338B5}"
EndProject
Global
	GlobalSection(SolutionConfigurationPlatforms) = preSolution
		Debug|Any CPU = Debug|Any CPU
		Release|Any CPU = Release|Any CPU
	EndGlobalSection
	GlobalSection(ProjectConfigurationPlatforms) = postSolution
		{1AC31667-8C2B-4D2E-95A0-253CF8BE8B84}.Debug|Any CPU.ActiveCfg = Debug|Any CPU
		{1AC31667-8C2B-4D2E-95A0-253CF8BE8B84}.Debug|Any CPU.Build.0 = Debug|Any CPU
		{1AC31667-8C2B-4D2E-95A0-253CF8BE8B84}.Release|Any CPU.ActiveCfg = Release|Any CPU
		{1AC31667-8C2B-4D2E-95A0-253CF8BE8B84}.Release|Any CPU.Build.0 = Release|Any CPU
		{DCA0B549-5D9E-464D-B00D-83C957DA91D5}.Debug|Any CPU.ActiveCfg = Debug|Any CPU
		{DCA0B549-5D9E-464D-B00D-83C957DA91D5}.Debug|Any CPU.Build.0 = Debug|Any CPU
		{DCA0B549-5D9E-464D-B00D-83C957DA91D5}.Release|Any CPU.ActiveCfg = Release|Any CPU
		{DCA0B549-5D9E-464D-B00D-83C957DA91D5}.Release|Any CPU.Build.0 = Release|Any CPU
		{D217C1C6-47F5-4B66-BA5F-55085F2656C5}.Debug|Any CPU.ActiveCfg = Debug|Any CPU
		{D217C1C6-47F5-4B66-BA5F-55085F2656C5}.Debug|Any CPU.Build.0 = Debug|Any CPU
		{D217C1C6-47F5-4B66-BA5F-55085F2656C5}.Release|Any CPU.ActiveCfg = Release|Any CPU
		{D217C1C6-47F5-4B66-BA5F-55085F2656C5}.Release|Any CPU.Build.0 = Release|Any CPU
		{46211120-943D-4D1A-BDD3-6601B180ADD4}.Debug|Any CPU.ActiveCfg = Debug|Any CPU
		{46211120-943D-4D1A-BDD3-6601B180ADD4}.Debug|Any CPU.Build.0 = Debug|Any CPU
		{46211120-943D-4D1A-BDD3-6601B180ADD4}.Release|Any CPU.ActiveCfg = Release|Any CPU
		{46211120-943D-4D1A-BDD3-6601B180ADD4}.Release|Any CPU.Build.0 = Release|Any CPU
		{CB6FA6AD-18AC-4B9E-88F8-70146476864B}.Debug|Any CPU.ActiveCfg = Debug|Any CPU
		{CB6FA6AD-18AC-4B9E-88F8-70146476864B}.Debug|Any CPU.Build.0 = Debug|Any CPU
		{CB6FA6AD-18AC-4B9E-88F8-70146476864B}.Release|Any CPU.ActiveCfg = Release|Any CPU
		{CB6FA6AD-18AC-4B9E-88F8-70146476864B}.Release|Any CPU.Build.0 = Release|Any CPU
		{7E1EF714-0247-46E6-AF1E-2C417C216EB7}.Debug|Any CPU.ActiveCfg = Debug|Any CPU
		{7E1EF714-0247-46E6-AF1E-2C417C216EB7}.Debug|Any CPU.Build.0 = Debug|Any CPU
		{7E1EF714-0247-46E6-AF1E-2C417C216EB7}.Release|Any CPU.ActiveCfg = Release|Any CPU
		{7E1EF714-0247-46E6-AF1E-2C417C216EB7}.Release|Any CPU.Build.0 = Release|Any CPU
		{6231C52F-88CA-4CE4-A913-2C13A3341263}.Debug|Any CPU.ActiveCfg = Debug|Any CPU
		{6231C52F-88CA-4CE4-A913-2C13A3341263}.Debug|Any CPU.Build.0 = Debug|Any CPU
		{6231C52F-88CA-4CE4-A913-2C13A3341263}.Release|Any CPU.ActiveCfg = Release|Any CPU
		{6231C52F-88CA-4CE4-A913-2C13A3341263}.Release|Any CPU.Build.0 = Release|Any CPU
		{CB28AEA4-F22C-44A5-B09A-AC10F3A651AE}.Debug|Any CPU.ActiveCfg = Debug|Any CPU
		{CB28AEA4-F22C-44A5-B09A-AC10F3A651AE}.Debug|Any CPU.Build.0 = Debug|Any CPU
		{CB28AEA4-F22C-44A5-B09A-AC10F3A651AE}.Release|Any CPU.ActiveCfg = Release|Any CPU
		{CB28AEA4-F22C-44A5-B09A-AC10F3A651AE}.Release|Any CPU.Build.0 = Release|Any CPU
		{7A355AC2-DEA1-4236-A9ED-DADFA42656B3}.Debug|Any CPU.ActiveCfg = Debug|Any CPU
		{7A355AC2-DEA1-4236-A9ED-DADFA42656B3}.Debug|Any CPU.Build.0 = Debug|Any CPU
		{7A355AC2-DEA1-4236-A9ED-DADFA42656B3}.Release|Any CPU.ActiveCfg = Release|Any CPU
		{7A355AC2-DEA1-4236-A9ED-DADFA42656B3}.Release|Any CPU.Build.0 = Release|Any CPU
		{656324A9-5234-4B23-9A57-6AF97208D737}.Debug|Any CPU.ActiveCfg = Debug|Any CPU
		{656324A9-5234-4B23-9A57-6AF97208D737}.Debug|Any CPU.Build.0 = Debug|Any CPU
		{656324A9-5234-4B23-9A57-6AF97208D737}.Release|Any CPU.ActiveCfg = Release|Any CPU
		{656324A9-5234-4B23-9A57-6AF97208D737}.Release|Any CPU.Build.0 = Release|Any CPU
		{F4A2084A-A343-42C7-BD1A-A7D0CAEAADDD}.Debug|Any CPU.ActiveCfg = Debug|Any CPU
		{F4A2084A-A343-42C7-BD1A-A7D0CAEAADDD}.Debug|Any CPU.Build.0 = Debug|Any CPU
		{F4A2084A-A343-42C7-BD1A-A7D0CAEAADDD}.Release|Any CPU.ActiveCfg = Release|Any CPU
		{F4A2084A-A343-42C7-BD1A-A7D0CAEAADDD}.Release|Any CPU.Build.0 = Release|Any CPU
		{B8E961C2-0934-4420-8AD9-E41C7EED5391}.Debug|Any CPU.ActiveCfg = Debug|Any CPU
		{B8E961C2-0934-4420-8AD9-E41C7EED5391}.Debug|Any CPU.Build.0 = Debug|Any CPU
		{B8E961C2-0934-4420-8AD9-E41C7EED5391}.Release|Any CPU.ActiveCfg = Release|Any CPU
		{B8E961C2-0934-4420-8AD9-E41C7EED5391}.Release|Any CPU.Build.0 = Release|Any CPU
		{9C11CAE5-5188-4E71-825B-68FC3135728A}.Debug|Any CPU.ActiveCfg = Debug|Any CPU
		{9C11CAE5-5188-4E71-825B-68FC3135728A}.Debug|Any CPU.Build.0 = Debug|Any CPU
		{9C11CAE5-5188-4E71-825B-68FC3135728A}.Release|Any CPU.ActiveCfg = Release|Any CPU
		{9C11CAE5-5188-4E71-825B-68FC3135728A}.Release|Any CPU.Build.0 = Release|Any CPU
		{FB25BDC8-C246-4047-AD2D-CB89B5C338B5}.Debug|Any CPU.ActiveCfg = Debug|Any CPU
		{FB25BDC8-C246-4047-AD2D-CB89B5C338B5}.Debug|Any CPU.Build.0 = Debug|Any CPU
		{FB25BDC8-C246-4047-AD2D-CB89B5C338B5}.Release|Any CPU.ActiveCfg = Release|Any CPU
		{FB25BDC8-C246-4047-AD2D-CB89B5C338B5}.Release|Any CPU.Build.0 = Release|Any CPU
	EndGlobalSection
	GlobalSection(SolutionProperties) = preSolution
		HideSolutionNode = FALSE
	EndGlobalSection
	GlobalSection(NestedProjects) = preSolution
		{1AC31667-8C2B-4D2E-95A0-253CF8BE8B84} = {73E2E1C1-68CD-450F-B0C7-76D4AC7A30B2}
		{DCA0B549-5D9E-464D-B00D-83C957DA91D5} = {73E2E1C1-68CD-450F-B0C7-76D4AC7A30B2}
		{D217C1C6-47F5-4B66-BA5F-55085F2656C5} = {1A61AC48-CAC8-4C2C-8E76-9B22CD926E39}
		{46211120-943D-4D1A-BDD3-6601B180ADD4} = {73E2E1C1-68CD-450F-B0C7-76D4AC7A30B2}
		{CB6FA6AD-18AC-4B9E-88F8-70146476864B} = {06A25A30-75EB-4469-A501-514F26BFDBA3}
		{7E1EF714-0247-46E6-AF1E-2C417C216EB7} = {06A25A30-75EB-4469-A501-514F26BFDBA3}
		{6231C52F-88CA-4CE4-A913-2C13A3341263} = {F7E1196F-D895-44DB-B7FE-61B494F8713C}
		{CB28AEA4-F22C-44A5-B09A-AC10F3A651AE} = {73E2E1C1-68CD-450F-B0C7-76D4AC7A30B2}
		{7A355AC2-DEA1-4236-A9ED-DADFA42656B3} = {1A61AC48-CAC8-4C2C-8E76-9B22CD926E39}
		{656324A9-5234-4B23-9A57-6AF97208D737} = {1A61AC48-CAC8-4C2C-8E76-9B22CD926E39}
		{F4A2084A-A343-42C7-BD1A-A7D0CAEAADDD} = {06A25A30-75EB-4469-A501-514F26BFDBA3}
		{B8E961C2-0934-4420-8AD9-E41C7EED5391} = {84360931-261E-43F8-A90D-B51744D47ED1}
		{9C11CAE5-5188-4E71-825B-68FC3135728A} = {57884704-2F81-4BC8-A7F0-C2C32033B402}
		{FB25BDC8-C246-4047-AD2D-CB89B5C338B5} = {AE83A04A-F0C8-4E57-A426-81843BDF3F10}
	EndGlobalSection
	GlobalSection(ExtensibilityGlobals) = postSolution
		SolutionGuid = {8A3D5044-CAAF-49A6-A1BC-42E3B560FA1C}
	EndGlobalSection
EndGlobal
